
Microsoft Visual Studio Solution File, Format Version 12.00
# Visual Studio 11
Project("{FAE04EC0-301F-11D3-BF4B-00C04F79EFBC}") = "Partage", "Share\Partage.csproj", "{EE0E7E9D-0F2F-490F-A603-D415CB7EE6D6}"
EndProject
Project("{FAE04EC0-301F-11D3-BF4B-00C04F79EFBC}") = "Interfaces", "Interfaces\Interfaces.csproj", "{0A7D147B-47B0-4492-8A84-9B9FEBDF972D}"
EndProject
Project("{FAE04EC0-301F-11D3-BF4B-00C04F79EFBC}") = "Client", "Client\Client.csproj", "{3E654369-CBA6-4801-ABD2-5BCFDE4D9740}"
EndProject
Project("{FAE04EC0-301F-11D3-BF4B-00C04F79EFBC}") = "Serveur", "Serveur\Serveur.csproj", "{C2221FCB-51CF-4408-A967-4FD4FAC7BA0E}"
EndProject
Project("{FAE04EC0-301F-11D3-BF4B-00C04F79EFBC}") = "ClientFram", "ClientFram\ClientFram.csproj", "{A7A31515-9989-4560-BD0A-69249A49ECAB}"
EndProject
Project("{FAE04EC0-301F-11D3-BF4B-00C04F79EFBC}") = "Bibliothequaire", "Bibliothequaire\Bibliothequaire.csproj", "{55E5ACD0-AA9E-4136-9135-75A77D67EBDC}"
EndProject
Project("{FAE04EC0-301F-11D3-BF4B-00C04F79EFBC}") = "BibliothequaireFram", "BibliothequaireFram\BibliothequaireFram.csproj", "{711F662B-5F38-4D46-9C6E-B5DC05955D29}"
EndProject
Project("{E24C65DC-7377-472B-9ABA-BC803B73C61A}") = "BiblioService", "http://localhost:43078", "{556A06A4-646C-47EB-9C38-4DED628743E8}"
	ProjectSection(WebsiteProperties) = preProject
		Debug.AspNetCompiler.Debug = "True"
		Debug.AspNetCompiler.FixedNames = "false"
		Debug.AspNetCompiler.ForceOverwrite = "true"
		Debug.AspNetCompiler.PhysicalPath = "BiblioService\"
		Debug.AspNetCompiler.TargetPath = "PrecompiledWeb\localhost_43078\"
		Debug.AspNetCompiler.Updateable = "true"
		Debug.AspNetCompiler.VirtualPath = "/localhost_43078"
		DefaultWebSiteLanguage = "Visual C#"
		ProjectReferences = "{0a7d147b-47b0-4492-8a84-9b9febdf972d}|Interfaces.dll;{ee0e7e9d-0f2f-490f-a603-d415cb7ee6d6}|Partage.dll;"
		Release.AspNetCompiler.Debug = "False"
		Release.AspNetCompiler.FixedNames = "false"
		Release.AspNetCompiler.ForceOverwrite = "true"
		Release.AspNetCompiler.PhysicalPath = "BiblioService\"
		Release.AspNetCompiler.TargetPath = "PrecompiledWeb\localhost_43078\"
		Release.AspNetCompiler.Updateable = "true"
		Release.AspNetCompiler.VirtualPath = "/localhost_43078"
		SlnRelativePath = "BiblioService\"
		TargetFrameworkMoniker = ".NETFramework,Version%3Dv2.0"
		UseIISExpress = "true"
	EndProjectSection
	ProjectSection(WebsiteProperties) = preProject
		Debug.AspNetCompiler.Debug = "True"
		Debug.AspNetCompiler.FixedNames = "false"
		Debug.AspNetCompiler.ForceOverwrite = "true"
		Debug.AspNetCompiler.PhysicalPath = "BiblioService\"
		Debug.AspNetCompiler.TargetPath = "PrecompiledWeb\localhost_43078\"
		Debug.AspNetCompiler.Updateable = "true"
		Debug.AspNetCompiler.VirtualPath = "/localhost_43078"
		DefaultWebSiteLanguage = "Visual C#"
		ProjectReferences = "{0a7d147b-47b0-4492-8a84-9b9febdf972d}|Interfaces.dll;{ee0e7e9d-0f2f-490f-a603-d415cb7ee6d6}|Partage.dll;"
		Release.AspNetCompiler.Debug = "False"
		Release.AspNetCompiler.FixedNames = "false"
		Release.AspNetCompiler.ForceOverwrite = "true"
		Release.AspNetCompiler.PhysicalPath = "BiblioService\"
		Release.AspNetCompiler.TargetPath = "PrecompiledWeb\localhost_43078\"
		Release.AspNetCompiler.Updateable = "true"
		Release.AspNetCompiler.VirtualPath = "/localhost_43078"
		SlnRelativePath = "BiblioService\"
		TargetFrameworkMoniker = ".NETFramework,Version%3Dv2.0"
		UseIISExpress = "true"
	EndProjectSection
	ProjectSection(WebsiteProperties) = preProject
		Debug.AspNetCompiler.Debug = "True"
		Debug.AspNetCompiler.FixedNames = "false"
		Debug.AspNetCompiler.ForceOverwrite = "true"
		Debug.AspNetCompiler.PhysicalPath = "BiblioService\"
		Debug.AspNetCompiler.TargetPath = "PrecompiledWeb\localhost_43078\"
		Debug.AspNetCompiler.Updateable = "true"
		Debug.AspNetCompiler.VirtualPath = "/localhost_43078"
		DefaultWebSiteLanguage = "Visual C#"
		ProjectReferences = "{0a7d147b-47b0-4492-8a84-9b9febdf972d}|Interfaces.dll;{ee0e7e9d-0f2f-490f-a603-d415cb7ee6d6}|Partage.dll;"
		Release.AspNetCompiler.Debug = "False"
		Release.AspNetCompiler.FixedNames = "false"
		Release.AspNetCompiler.ForceOverwrite = "true"
		Release.AspNetCompiler.PhysicalPath = "BiblioService\"
		Release.AspNetCompiler.TargetPath = "PrecompiledWeb\localhost_43078\"
		Release.AspNetCompiler.Updateable = "true"
		Release.AspNetCompiler.VirtualPath = "/localhost_43078"
		SlnRelativePath = "BiblioService\"
		TargetFrameworkMoniker = ".NETFramework,Version%3Dv2.0"
		UseIISExpress = "true"
	EndProjectSection
	ProjectSection(WebsiteProperties) = preProject
		Debug.AspNetCompiler.Debug = "True"
		Debug.AspNetCompiler.FixedNames = "false"
		Debug.AspNetCompiler.ForceOverwrite = "true"
		Debug.AspNetCompiler.PhysicalPath = "BiblioService\"
		Debug.AspNetCompiler.TargetPath = "PrecompiledWeb\localhost_43078\"
		Debug.AspNetCompiler.Updateable = "true"
		Debug.AspNetCompiler.VirtualPath = "/localhost_43078"
		DefaultWebSiteLanguage = "Visual C#"
		ProjectReferences = "{ee0e7e9d-0f2f-490f-a603-d415cb7ee6d6}|Partage.dll;{0A7D147B-47B0-4492-8A84-9B9FEBDF972D}|Interfaces.dll;"
		Release.AspNetCompiler.Debug = "False"
		Release.AspNetCompiler.FixedNames = "false"
		Release.AspNetCompiler.ForceOverwrite = "true"
		Release.AspNetCompiler.PhysicalPath = "BiblioService\"
		Release.AspNetCompiler.TargetPath = "PrecompiledWeb\localhost_43078\"
		Release.AspNetCompiler.Updateable = "true"
		Release.AspNetCompiler.VirtualPath = "/localhost_43078"
		SlnRelativePath = "BiblioService\"
		TargetFrameworkMoniker = ".NETFramework,Version%3Dv2.0"
		UseIISExpress = "true"
	EndProjectSection
	ProjectSection(WebsiteProperties) = preProject
		Debug.AspNetCompiler.Debug = "True"
		Debug.AspNetCompiler.FixedNames = "false"
		Debug.AspNetCompiler.ForceOverwrite = "true"
		Debug.AspNetCompiler.PhysicalPath = "BiblioService\"
		Debug.AspNetCompiler.TargetPath = "PrecompiledWeb\localhost_43078\"
		Debug.AspNetCompiler.Updateable = "true"
		Debug.AspNetCompiler.VirtualPath = "/localhost_43078"
		DefaultWebSiteLanguage = "Visual C#"
		ProjectReferences = "{0a7d147b-47b0-4492-8a84-9b9febdf972d}|Interfaces.dll;{ee0e7e9d-0f2f-490f-a603-d415cb7ee6d6}|Partage.dll;"
		Release.AspNetCompiler.Debug = "False"
		Release.AspNetCompiler.FixedNames = "false"
		Release.AspNetCompiler.ForceOverwrite = "true"
		Release.AspNetCompiler.PhysicalPath = "BiblioService\"
		Release.AspNetCompiler.TargetPath = "PrecompiledWeb\localhost_43078\"
		Release.AspNetCompiler.Updateable = "true"
		Release.AspNetCompiler.VirtualPath = "/localhost_43078"
		SlnRelativePath = "BiblioService\"
		TargetFrameworkMoniker = ".NETFramework,Version%3Dv2.0"
		UseIISExpress = "true"
	EndProjectSection
EndProject
Project("{FAE04EC0-301F-11D3-BF4B-00C04F79EFBC}") = "ClienWebService", "ClienWebService\ClienWebService.csproj", "{30FA9871-054C-4EB3-AF10-A0BB25D3069B}"
EndProject
Project("{FAE04EC0-301F-11D3-BF4B-00C04F79EFBC}") = "ClientServiceWebFram", "ClientServiceWebFram\ClientServiceWebFram.csproj", "{1815C493-CFBD-4FAC-8A2C-332F56E6901C}"
EndProject
Global
	GlobalSection(SolutionConfigurationPlatforms) = preSolution
		Debug|ARM = Debug|ARM
		Debug|Any CPU = Debug|Any CPU
		Debug|Mixed Platforms = Debug|Mixed Platforms
		Debug|x64 = Debug|x64
		Debug|x86 = Debug|x86
		Release|ARM = Release|ARM
		Release|Any CPU = Release|Any CPU
		Release|Mixed Platforms = Release|Mixed Platforms
		Release|x64 = Release|x64
		Release|x86 = Release|x86
	EndGlobalSection
	GlobalSection(ProjectConfigurationPlatforms) = postSolution
		{0A7D147B-47B0-4492-8A84-9B9FEBDF972D}.Debug|ARM.ActiveCfg = Debug|Any CPU
		{0A7D147B-47B0-4492-8A84-9B9FEBDF972D}.Debug|Any CPU.ActiveCfg = Debug|Any CPU
		{0A7D147B-47B0-4492-8A84-9B9FEBDF972D}.Debug|Any CPU.Build.0 = Debug|Any CPU
		{0A7D147B-47B0-4492-8A84-9B9FEBDF972D}.Debug|Mixed Platforms.ActiveCfg = Debug|Any CPU
		{0A7D147B-47B0-4492-8A84-9B9FEBDF972D}.Debug|Mixed Platforms.Build.0 = Debug|Any CPU
		{0A7D147B-47B0-4492-8A84-9B9FEBDF972D}.Debug|x64.ActiveCfg = Debug|Any CPU
		{0A7D147B-47B0-4492-8A84-9B9FEBDF972D}.Debug|x86.ActiveCfg = Debug|Any CPU
		{0A7D147B-47B0-4492-8A84-9B9FEBDF972D}.Release|ARM.ActiveCfg = Release|Any CPU
		{0A7D147B-47B0-4492-8A84-9B9FEBDF972D}.Release|Any CPU.ActiveCfg = Release|Any CPU
		{0A7D147B-47B0-4492-8A84-9B9FEBDF972D}.Release|Any CPU.Build.0 = Release|Any CPU
		{0A7D147B-47B0-4492-8A84-9B9FEBDF972D}.Release|Mixed Platforms.ActiveCfg = Release|Any CPU
		{0A7D147B-47B0-4492-8A84-9B9FEBDF972D}.Release|Mixed Platforms.Build.0 = Release|Any CPU
		{0A7D147B-47B0-4492-8A84-9B9FEBDF972D}.Release|x64.ActiveCfg = Release|Any CPU
		{0A7D147B-47B0-4492-8A84-9B9FEBDF972D}.Release|x86.ActiveCfg = Release|Any CPU
		{1815C493-CFBD-4FAC-8A2C-332F56E6901C}.Debug|ARM.ActiveCfg = Debug|Any CPU
		{1815C493-CFBD-4FAC-8A2C-332F56E6901C}.Debug|Any CPU.ActiveCfg = Debug|Any CPU
		{1815C493-CFBD-4FAC-8A2C-332F56E6901C}.Debug|Any CPU.Build.0 = Debug|Any CPU
		{1815C493-CFBD-4FAC-8A2C-332F56E6901C}.Debug|Mixed Platforms.ActiveCfg = Debug|Any CPU
		{1815C493-CFBD-4FAC-8A2C-332F56E6901C}.Debug|Mixed Platforms.Build.0 = Debug|Any CPU
		{1815C493-CFBD-4FAC-8A2C-332F56E6901C}.Debug|x64.ActiveCfg = Debug|Any CPU
		{1815C493-CFBD-4FAC-8A2C-332F56E6901C}.Debug|x86.ActiveCfg = Debug|Any CPU
		{1815C493-CFBD-4FAC-8A2C-332F56E6901C}.Release|ARM.ActiveCfg = Release|Any CPU
		{1815C493-CFBD-4FAC-8A2C-332F56E6901C}.Release|Any CPU.ActiveCfg = Release|Any CPU
		{1815C493-CFBD-4FAC-8A2C-332F56E6901C}.Release|Any CPU.Build.0 = Release|Any CPU
		{1815C493-CFBD-4FAC-8A2C-332F56E6901C}.Release|Mixed Platforms.ActiveCfg = Release|Any CPU
		{1815C493-CFBD-4FAC-8A2C-332F56E6901C}.Release|Mixed Platforms.Build.0 = Release|Any CPU
		{1815C493-CFBD-4FAC-8A2C-332F56E6901C}.Release|x64.ActiveCfg = Release|Any CPU
		{1815C493-CFBD-4FAC-8A2C-332F56E6901C}.Release|x86.ActiveCfg = Release|Any CPU
		{30FA9871-054C-4EB3-AF10-A0BB25D3069B}.Debug|ARM.ActiveCfg = Debug|Any CPU
		{30FA9871-054C-4EB3-AF10-A0BB25D3069B}.Debug|Any CPU.ActiveCfg = Debug|Any CPU
		{30FA9871-054C-4EB3-AF10-A0BB25D3069B}.Debug|Any CPU.Build.0 = Debug|Any CPU
		{30FA9871-054C-4EB3-AF10-A0BB25D3069B}.Debug|Mixed Platforms.ActiveCfg = Debug|Any CPU
		{30FA9871-054C-4EB3-AF10-A0BB25D3069B}.Debug|Mixed Platforms.Build.0 = Debug|Any CPU
		{30FA9871-054C-4EB3-AF10-A0BB25D3069B}.Debug|x64.ActiveCfg = Debug|Any CPU
		{30FA9871-054C-4EB3-AF10-A0BB25D3069B}.Debug|x86.ActiveCfg = Debug|Any CPU
		{30FA9871-054C-4EB3-AF10-A0BB25D3069B}.Release|ARM.ActiveCfg = Release|Any CPU
		{30FA9871-054C-4EB3-AF10-A0BB25D3069B}.Release|Any CPU.ActiveCfg = Release|Any CPU
		{30FA9871-054C-4EB3-AF10-A0BB25D3069B}.Release|Any CPU.Build.0 = Release|Any CPU
		{30FA9871-054C-4EB3-AF10-A0BB25D3069B}.Release|Mixed Platforms.ActiveCfg = Release|Any CPU
		{30FA9871-054C-4EB3-AF10-A0BB25D3069B}.Release|Mixed Platforms.Build.0 = Release|Any CPU
		{30FA9871-054C-4EB3-AF10-A0BB25D3069B}.Release|x64.ActiveCfg = Release|Any CPU
		{30FA9871-054C-4EB3-AF10-A0BB25D3069B}.Release|x86.ActiveCfg = Release|Any CPU
		{3E654369-CBA6-4801-ABD2-5BCFDE4D9740}.Debug|ARM.ActiveCfg = Debug|Any CPU
		{3E654369-CBA6-4801-ABD2-5BCFDE4D9740}.Debug|Any CPU.ActiveCfg = Debug|Any CPU
		{3E654369-CBA6-4801-ABD2-5BCFDE4D9740}.Debug|Any CPU.Build.0 = Debug|Any CPU
		{3E654369-CBA6-4801-ABD2-5BCFDE4D9740}.Debug|Mixed Platforms.ActiveCfg = Debug|Any CPU
		{3E654369-CBA6-4801-ABD2-5BCFDE4D9740}.Debug|Mixed Platforms.Build.0 = Debug|Any CPU
		{3E654369-CBA6-4801-ABD2-5BCFDE4D9740}.Debug|x64.ActiveCfg = Debug|Any CPU
		{3E654369-CBA6-4801-ABD2-5BCFDE4D9740}.Debug|x86.ActiveCfg = Debug|Any CPU
		{3E654369-CBA6-4801-ABD2-5BCFDE4D9740}.Release|ARM.ActiveCfg = Release|Any CPU
		{3E654369-CBA6-4801-ABD2-5BCFDE4D9740}.Release|Any CPU.ActiveCfg = Release|Any CPU
		{3E654369-CBA6-4801-ABD2-5BCFDE4D9740}.Release|Any CPU.Build.0 = Release|Any CPU
		{3E654369-CBA6-4801-ABD2-5BCFDE4D9740}.Release|Mixed Platforms.ActiveCfg = Release|Any CPU
		{3E654369-CBA6-4801-ABD2-5BCFDE4D9740}.Release|Mixed Platforms.Build.0 = Release|Any CPU
		{3E654369-CBA6-4801-ABD2-5BCFDE4D9740}.Release|x64.ActiveCfg = Release|Any CPU
		{3E654369-CBA6-4801-ABD2-5BCFDE4D9740}.Release|x86.ActiveCfg = Release|Any CPU
		{556A06A4-646C-47EB-9C38-4DED628743E8}.Debug|ARM.ActiveCfg = Debug|Any CPU
		{556A06A4-646C-47EB-9C38-4DED628743E8}.Debug|Any CPU.ActiveCfg = Debug|Any CPU
		{556A06A4-646C-47EB-9C38-4DED628743E8}.Debug|Any CPU.Build.0 = Debug|Any CPU
		{556A06A4-646C-47EB-9C38-4DED628743E8}.Debug|Mixed Platforms.ActiveCfg = Debug|Any CPU
		{556A06A4-646C-47EB-9C38-4DED628743E8}.Debug|Mixed Platforms.Build.0 = Debug|Any CPU
		{556A06A4-646C-47EB-9C38-4DED628743E8}.Debug|x64.ActiveCfg = Debug|Any CPU
		{556A06A4-646C-47EB-9C38-4DED628743E8}.Debug|x86.ActiveCfg = Debug|Any CPU
		{556A06A4-646C-47EB-9C38-4DED628743E8}.Release|ARM.ActiveCfg = Debug|Any CPU
		{556A06A4-646C-47EB-9C38-4DED628743E8}.Release|Any CPU.ActiveCfg = Debug|Any CPU
		{556A06A4-646C-47EB-9C38-4DED628743E8}.Release|Any CPU.Build.0 = Debug|Any CPU
		{556A06A4-646C-47EB-9C38-4DED628743E8}.Release|Mixed Platforms.ActiveCfg = Debug|Any CPU
		{556A06A4-646C-47EB-9C38-4DED628743E8}.Release|Mixed Platforms.Build.0 = Debug|Any CPU
		{556A06A4-646C-47EB-9C38-4DED628743E8}.Release|x64.ActiveCfg = Debug|Any CPU
		{556A06A4-646C-47EB-9C38-4DED628743E8}.Release|x86.ActiveCfg = Debug|Any CPU
		{55E5ACD0-AA9E-4136-9135-75A77D67EBDC}.Debug|ARM.ActiveCfg = Debug|Any CPU
		{55E5ACD0-AA9E-4136-9135-75A77D67EBDC}.Debug|Any CPU.ActiveCfg = Debug|Any CPU
		{55E5ACD0-AA9E-4136-9135-75A77D67EBDC}.Debug|Any CPU.Build.0 = Debug|Any CPU
		{55E5ACD0-AA9E-4136-9135-75A77D67EBDC}.Debug|Mixed Platforms.ActiveCfg = Debug|Any CPU
		{55E5ACD0-AA9E-4136-9135-75A77D67EBDC}.Debug|Mixed Platforms.Build.0 = Debug|Any CPU
		{55E5ACD0-AA9E-4136-9135-75A77D67EBDC}.Debug|x64.ActiveCfg = Debug|Any CPU
		{55E5ACD0-AA9E-4136-9135-75A77D67EBDC}.Debug|x86.ActiveCfg = Debug|Any CPU
		{55E5ACD0-AA9E-4136-9135-75A77D67EBDC}.Release|ARM.ActiveCfg = Release|Any CPU
		{55E5ACD0-AA9E-4136-9135-75A77D67EBDC}.Release|Any CPU.ActiveCfg = Release|Any CPU
		{55E5ACD0-AA9E-4136-9135-75A77D67EBDC}.Release|Any CPU.Build.0 = Release|Any CPU
		{55E5ACD0-AA9E-4136-9135-75A77D67EBDC}.Release|Mixed Platforms.ActiveCfg = Release|Any CPU
		{55E5ACD0-AA9E-4136-9135-75A77D67EBDC}.Release|Mixed Platforms.Build.0 = Release|Any CPU
		{55E5ACD0-AA9E-4136-9135-75A77D67EBDC}.Release|x64.ActiveCfg = Release|Any CPU
		{55E5ACD0-AA9E-4136-9135-75A77D67EBDC}.Release|x86.ActiveCfg = Release|Any CPU
		{711F662B-5F38-4D46-9C6E-B5DC05955D29}.Debug|ARM.ActiveCfg = Debug|x86
		{711F662B-5F38-4D46-9C6E-B5DC05955D29}.Debug|Any CPU.ActiveCfg = Debug|x86
		{711F662B-5F38-4D46-9C6E-B5DC05955D29}.Debug|Mixed Platforms.ActiveCfg = Debug|x86
		{711F662B-5F38-4D46-9C6E-B5DC05955D29}.Debug|Mixed Platforms.Build.0 = Debug|x86
		{711F662B-5F38-4D46-9C6E-B5DC05955D29}.Debug|x64.ActiveCfg = Debug|x86
		{711F662B-5F38-4D46-9C6E-B5DC05955D29}.Debug|x86.ActiveCfg = Debug|x86
		{711F662B-5F38-4D46-9C6E-B5DC05955D29}.Debug|x86.Build.0 = Debug|x86
		{711F662B-5F38-4D46-9C6E-B5DC05955D29}.Release|ARM.ActiveCfg = Release|x86
		{711F662B-5F38-4D46-9C6E-B5DC05955D29}.Release|Any CPU.ActiveCfg = Release|x86
		{711F662B-5F38-4D46-9C6E-B5DC05955D29}.Release|Mixed Platforms.ActiveCfg = Release|x86
		{711F662B-5F38-4D46-9C6E-B5DC05955D29}.Release|Mixed Platforms.Build.0 = Release|x86
		{711F662B-5F38-4D46-9C6E-B5DC05955D29}.Release|x64.ActiveCfg = Release|x86
		{711F662B-5F38-4D46-9C6E-B5DC05955D29}.Release|x86.ActiveCfg = Release|x86
		{711F662B-5F38-4D46-9C6E-B5DC05955D29}.Release|x86.Build.0 = Release|x86
		{A7A31515-9989-4560-BD0A-69249A49ECAB}.Debug|ARM.ActiveCfg = Debug|x86
		{A7A31515-9989-4560-BD0A-69249A49ECAB}.Debug|Any CPU.ActiveCfg = Debug|x86
		{A7A31515-9989-4560-BD0A-69249A49ECAB}.Debug|Mixed Platforms.ActiveCfg = Debug|x86
		{A7A31515-9989-4560-BD0A-69249A49ECAB}.Debug|Mixed Platforms.Build.0 = Debug|x86
		{A7A31515-9989-4560-BD0A-69249A49ECAB}.Debug|x64.ActiveCfg = Debug|x86
		{A7A31515-9989-4560-BD0A-69249A49ECAB}.Debug|x86.ActiveCfg = Debug|x86
		{A7A31515-9989-4560-BD0A-69249A49ECAB}.Debug|x86.Build.0 = Debug|x86
		{A7A31515-9989-4560-BD0A-69249A49ECAB}.Release|ARM.ActiveCfg = Release|x86
		{A7A31515-9989-4560-BD0A-69249A49ECAB}.Release|Any CPU.ActiveCfg = Release|x86
		{A7A31515-9989-4560-BD0A-69249A49ECAB}.Release|Mixed Platforms.ActiveCfg = Release|x86
		{A7A31515-9989-4560-BD0A-69249A49ECAB}.Release|Mixed Platforms.Build.0 = Release|x86
		{A7A31515-9989-4560-BD0A-69249A49ECAB}.Release|x64.ActiveCfg = Release|x86
		{A7A31515-9989-4560-BD0A-69249A49ECAB}.Release|x86.ActiveCfg = Release|x86
		{A7A31515-9989-4560-BD0A-69249A49ECAB}.Release|x86.Build.0 = Release|x86
		{C2221FCB-51CF-4408-A967-4FD4FAC7BA0E}.Debug|ARM.ActiveCfg = Debug|Any CPU
		{C2221FCB-51CF-4408-A967-4FD4FAC7BA0E}.Debug|Any CPU.ActiveCfg = Debug|Any CPU
		{C2221FCB-51CF-4408-A967-4FD4FAC7BA0E}.Debug|Any CPU.Build.0 = Debug|Any CPU
		{C2221FCB-51CF-4408-A967-4FD4FAC7BA0E}.Debug|Mixed Platforms.ActiveCfg = Debug|Any CPU
		{C2221FCB-51CF-4408-A967-4FD4FAC7BA0E}.Debug|Mixed Platforms.Build.0 = Debug|Any CPU
		{C2221FCB-51CF-4408-A967-4FD4FAC7BA0E}.Debug|x64.ActiveCfg = Debug|Any CPU
		{C2221FCB-51CF-4408-A967-4FD4FAC7BA0E}.Debug|x86.ActiveCfg = Debug|Any CPU
		{C2221FCB-51CF-4408-A967-4FD4FAC7BA0E}.Release|ARM.ActiveCfg = Release|Any CPU
		{C2221FCB-51CF-4408-A967-4FD4FAC7BA0E}.Release|Any CPU.ActiveCfg = Release|Any CPU
		{C2221FCB-51CF-4408-A967-4FD4FAC7BA0E}.Release|Any CPU.Build.0 = Release|Any CPU
		{C2221FCB-51CF-4408-A967-4FD4FAC7BA0E}.Release|Mixed Platforms.ActiveCfg = Release|Any CPU
		{C2221FCB-51CF-4408-A967-4FD4FAC7BA0E}.Release|Mixed Platforms.Build.0 = Release|Any CPU
		{C2221FCB-51CF-4408-A967-4FD4FAC7BA0E}.Release|x64.ActiveCfg = Release|Any CPU
		{C2221FCB-51CF-4408-A967-4FD4FAC7BA0E}.Release|x86.ActiveCfg = Release|Any CPU
		{EE0E7E9D-0F2F-490F-A603-D415CB7EE6D6}.Debug|ARM.ActiveCfg = Debug|Any CPU
		{EE0E7E9D-0F2F-490F-A603-D415CB7EE6D6}.Debug|Any CPU.ActiveCfg = Debug|Any CPU
		{EE0E7E9D-0F2F-490F-A603-D415CB7EE6D6}.Debug|Any CPU.Build.0 = Debug|Any CPU
		{EE0E7E9D-0F2F-490F-A603-D415CB7EE6D6}.Debug|Mixed Platforms.ActiveCfg = Debug|Any CPU
		{EE0E7E9D-0F2F-490F-A603-D415CB7EE6D6}.Debug|Mixed Platforms.Build.0 = Debug|Any CPU
		{EE0E7E9D-0F2F-490F-A603-D415CB7EE6D6}.Debug|x64.ActiveCfg = Debug|Any CPU
		{EE0E7E9D-0F2F-490F-A603-D415CB7EE6D6}.Debug|x86.ActiveCfg = Debug|Any CPU
		{EE0E7E9D-0F2F-490F-A603-D415CB7EE6D6}.Release|ARM.ActiveCfg = Release|Any CPU
		{EE0E7E9D-0F2F-490F-A603-D415CB7EE6D6}.Release|Any CPU.ActiveCfg = Release|Any CPU
		{EE0E7E9D-0F2F-490F-A603-D415CB7EE6D6}.Release|Any CPU.Build.0 = Release|Any CPU
		{EE0E7E9D-0F2F-490F-A603-D415CB7EE6D6}.Release|Mixed Platforms.ActiveCfg = Release|Any CPU
		{EE0E7E9D-0F2F-490F-A603-D415CB7EE6D6}.Release|Mixed Platforms.Build.0 = Release|Any CPU
		{EE0E7E9D-0F2F-490F-A603-D415CB7EE6D6}.Release|x64.ActiveCfg = Release|Any CPU
		{EE0E7E9D-0F2F-490F-A603-D415CB7EE6D6}.Release|x86.ActiveCfg = Release|Any CPU
	EndGlobalSection
	GlobalSection(SolutionProperties) = preSolution
		HideSolutionNode = FALSE
	EndGlobalSection
EndGlobal
